{
  "version": 4,
  "terraform_version": "1.4.2",
  "serial": 5,
  "lineage": "6541dd26-35dc-756a-d794-b43ea4c683c7",
  "outputs": {},
  "resources": [
    {
      "mode": "data",
      "type": "aws_eks_cluster",
      "name": "demo",
      "provider": "provider[\"registry.terraform.io/hashicorp/aws\"]",
      "instances": [
        {
          "schema_version": 0,
          "attributes": {
            "arn": "arn:aws:eks:us-east-1:249042606135:cluster/demo",
            "certificate_authority": [
              {
                "data": "LS0tLS1CRUdJTiBDRVJUSUZJQ0FURS0tLS0tCk1JSUMvakNDQWVhZ0F3SUJBZ0lCQURBTkJna3Foa2lHOXcwQkFRc0ZBREFWTVJNd0VRWURWUVFERXdwcmRXSmwKY201bGRHVnpNQjRYRFRJek1ETXhOekV4TURJeU9Wb1hEVE16TURNeE5ERXhNREl5T1Zvd0ZURVRNQkVHQTFVRQpBeE1LYTNWaVpYSnVaWFJsY3pDQ0FTSXdEUVlKS29aSWh2Y05BUUVCQlFBRGdnRVBBRENDQVFvQ2dnRUJBTW9xCkxqWndPSDcrbnMvVzFJUXluL0xWVXdkUzdkMndrZUZzY0kwelhGL2lybUYzVmJMUThZV05Bb3c0RzdTMmRLaE0KdlZiTDdnY2N2S0FlWm9XM1MyMmFjTjc0UU9TMy80VGhWRXRZQ0VMc3NhWmVCeG45bUgwRUFiNWptd05zT1BhSwpvczhBYVJBVzVqWCt4UFF6d3Z1cTR1RURSOHlPU2JDeWc0SEdQNFpWeGg0SlBlakJIL2dqSC9qSW90Zm9tSUJRCmhnZi84S3lDREhKOTJJSWw4bkgxSWZ4OUhza0ZtckY2dnZHdjBUNm1tQTRzMCs2T1dPT1VmMjFwdzhpU2NKNDAKcVJzVHArNkFkalRmdHplTlkyQUE0M3A1STkvb1JQWXUwdDd5alBxNGlpZFMrNmRqTnhnTFhzaHRLZTJQd3VsQgp0OEZQSXJ5TU1tTkNnd0YraEcwQ0F3RUFBYU5aTUZjd0RnWURWUjBQQVFIL0JBUURBZ0trTUE4R0ExVWRFd0VCCi93UUZNQU1CQWY4d0hRWURWUjBPQkJZRUZGS3o3L0I0QzA3SSs2K0FBY0tIMnkvUVJBSHZNQlVHQTFVZEVRUU8KTUF5Q0NtdDFZbVZ5Ym1WMFpYTXdEUVlKS29aSWh2Y05BUUVMQlFBRGdnRUJBS0tGVmZBVFFWcExFQU9jQzh5UgpZNHlPMkFocFc4VlByeWlhTERMRmRrYVdNS0lWVVpiV2RHYnF3aEEyMnZ1K29vVWVIMkp3S1R5RStsaFpDRnBSCkxvVGVFeVdtbmwyMzV1OXJ2S3JHczFWYk9YamcrT3h1Sy9ZRFJNQTJSZHdML0puL3JzZlFFb3ZoaSsyTTAydE0KTXpJQlY1Wk0xMDhxOFQwSE1OYXF1akgrUlhDdHQwS3RiYk5CdmJncGlpaHRndVh5ZWZlYnc3N1ZUcGpKaDIrWQptTG15R0hzTDlid0V0MXozZWJ0NjRGb2h2RmkrM01iZ3JMaHAxa1JSM0h5Sk5mbDhwaGFlVXNOQzZ3bnNMa3FaCnlLR0MvTGs2UTdZWWw3Nm90eDUrNHI5bEc1Ly9qUE9xaW1PUWlUNXF0YnR3YmVoTDRUVnF6Q3NtY3pPYnNsancKVEp3PQotLS0tLUVORCBDRVJUSUZJQ0FURS0tLS0tCg=="
              }
            ],
            "cluster_id": null,
            "created_at": "2023-03-17 10:55:56.465 +0000 UTC",
            "enabled_cluster_log_types": [],
            "endpoint": "https://2C67DB241227BCC60469936B2788D027.gr7.us-east-1.eks.amazonaws.com",
            "id": "demo",
            "identity": [
              {
                "oidc": [
                  {
                    "issuer": "https://oidc.eks.us-east-1.amazonaws.com/id/2C67DB241227BCC60469936B2788D027"
                  }
                ]
              }
            ],
            "kubernetes_network_config": [
              {
                "ip_family": "ipv4",
                "service_ipv4_cidr": "172.20.0.0/16",
                "service_ipv6_cidr": ""
              }
            ],
            "name": "demo",
            "outpost_config": [],
            "platform_version": "eks.1",
            "role_arn": "arn:aws:iam::249042606135:role/eks-cluster-demo",
            "status": "ACTIVE",
            "tags": {},
            "version": "1.25",
            "vpc_config": [
              {
                "cluster_security_group_id": "sg-087e8f1974e7506da",
                "endpoint_private_access": false,
                "endpoint_public_access": true,
                "public_access_cidrs": [
                  "0.0.0.0/0"
                ],
                "security_group_ids": [],
                "subnet_ids": [
                  "subnet-01e706db0d87a7146",
                  "subnet-036c36b62816049a1",
                  "subnet-09f03da0502fe7b7d",
                  "subnet-0dc4f0ffc9fadc325"
                ],
                "vpc_id": "vpc-01dc850ff6d9b5d00"
              }
            ]
          },
          "sensitive_attributes": []
        }
      ]
    },
    {
      "mode": "data",
      "type": "aws_eks_cluster_auth",
      "name": "demo_auth",
      "provider": "provider[\"registry.terraform.io/hashicorp/aws\"]",
      "instances": [
        {
          "schema_version": 0,
          "attributes": {
            "id": "demo_auth",
            "name": "demo_auth",
            "token": "k8s-aws-v1.aHR0cHM6Ly9zdHMuYW1hem9uYXdzLmNvbS8_QWN0aW9uPUdldENhbGxlcklkZW50aXR5JlZlcnNpb249MjAxMS0wNi0xNSZYLUFtei1BbGdvcml0aG09QVdTNC1ITUFDLVNIQTI1NiZYLUFtei1DcmVkZW50aWFsPUFLSUFUVDdBWVRBM1hGU0dYTlNEJTJGMjAyMzAzMTglMkZ1cy1lYXN0LTElMkZzdHMlMkZhd3M0X3JlcXVlc3QmWC1BbXotRGF0ZT0yMDIzMDMxOFQyMjI0NDlaJlgtQW16LUV4cGlyZXM9MCZYLUFtei1TaWduZWRIZWFkZXJzPWhvc3QlM0J4LWs4cy1hd3MtaWQmWC1BbXotU2lnbmF0dXJlPTc5NTQ4ODE4NjdmNmQzYTFkMmY3ZGQwMzU1ODI2YTQ3NGZhODcwNjM5M2IwODljMDhkM2VhMTQwN2FjYzE1Yjg"
          },
          "sensitive_attributes": []
        }
      ]
    },
    {
      "mode": "managed",
      "type": "kubernetes_ingress_v1",
      "name": "micro-ingress",
      "provider": "provider[\"registry.terraform.io/hashicorp/kubernetes\"]",
      "instances": [
        {
          "schema_version": 0,
          "attributes": {
            "id": "sock-shop/sock-shop",
            "metadata": [
              {
                "annotations": {
                  "kubernetes.io/ingress.class": "nginx"
                },
                "generate_name": "",
                "generation": 1,
                "labels": {
                  "name": "front-end"
                },
                "name": "sock-shop",
                "namespace": "sock-shop",
                "resource_version": "337440",
                "uid": "c302b10d-e6b8-4e68-a4fe-c7cd3a993bb9"
              }
            ],
            "spec": [
              {
                "default_backend": [],
                "ingress_class_name": "",
                "rule": [
                  {
                    "host": "sock-shop.tonietones.me",
                    "http": [
                      {
                        "path": [
                          {
                            "backend": [
                              {
                                "resource": [],
                                "service": [
                                  {
                                    "name": "front-end",
                                    "port": [
                                      {
                                        "name": "",
                                        "number": 80
                                      }
                                    ]
                                  }
                                ]
                              }
                            ],
                            "path": "",
                            "path_type": "ImplementationSpecific"
                          }
                        ]
                      }
                    ]
                  }
                ],
                "tls": []
              }
            ],
            "status": [
              {
                "load_balancer": [
                  {
                    "ingress": [
                      {
                        "hostname": "a427357a564bd481bbd6b83bd4426f20-643776693.us-east-1.elb.amazonaws.com",
                        "ip": ""
                      }
                    ]
                  }
                ]
              }
            ],
            "wait_for_load_balancer": null
          },
          "sensitive_attributes": [],
          "private": "bnVsbA==",
          "dependencies": [
            "data.aws_eks_cluster.demo"
          ]
        }
      ]
    },
    {
      "mode": "managed",
      "type": "kubernetes_ingress_v1",
      "name": "voting-ingress",
      "provider": "provider[\"registry.terraform.io/hashicorp/kubernetes\"]",
      "instances": [
        {
          "schema_version": 0,
          "attributes": {
            "id": "vote-app/vote-front",
            "metadata": [
              {
                "annotations": {
                  "kubernetes.io/ingress.class": "nginx"
                },
                "generate_name": "",
                "generation": 1,
                "labels": {
                  "name": "vote-front"
                },
                "name": "vote-front",
                "namespace": "vote-app",
                "resource_version": "337983",
                "uid": "4060be39-85af-4d2e-8f0e-cb1e473f3e2d"
              }
            ],
            "spec": [
              {
                "default_backend": [],
                "ingress_class_name": "",
                "rule": [
                  {
                    "host": "voting.tonietones.me",
                    "http": [
                      {
                        "path": [
                          {
                            "backend": [
                              {
                                "resource": [],
                                "service": [
                                  {
                                    "name": "azure-vote-front",
                                    "port": [
                                      {
                                        "name": "",
                                        "number": 80
                                      }
                                    ]
                                  }
                                ]
                              }
                            ],
                            "path": "",
                            "path_type": "ImplementationSpecific"
                          }
                        ]
                      }
                    ]
                  }
                ],
                "tls": []
              }
            ],
            "status": [
              {
                "load_balancer": [
                  {
                    "ingress": []
                  }
                ]
              }
            ],
            "wait_for_load_balancer": null
          },
          "sensitive_attributes": [],
          "private": "bnVsbA==",
          "dependencies": [
            "data.aws_eks_cluster.demo"
          ]
        }
      ]
    }
  ],
  "check_results": null
}
